
Microsoft Visual Studio Solution File, Format Version 12.00
# Visual Studio Version 17
VisualStudioVersion = 17.8.34309.116
MinimumVisualStudioVersion = 10.0.40219.1
Project("{FAE04EC0-301F-11D3-BF4B-00C04F79EFBC}") = "sna-API", "sna-API\sna-API.csproj", "{9CDC42EF-F331-4A3F-9555-9D0E82AEA4C8}"
EndProject
Project("{FAE04EC0-301F-11D3-BF4B-00C04F79EFBC}") = "sna-Data", "sna-Data\sna-Data.csproj", "{40283381-F187-4A85-B729-3AE30191547D}"
EndProject
Global
	GlobalSection(SolutionConfigurationPlatforms) = preSolution
		Debug|Any CPU = Debug|Any CPU
		Release|Any CPU = Release|Any CPU
	EndGlobalSection
	GlobalSection(ProjectConfigurationPlatforms) = postSolution
		{9CDC42EF-F331-4A3F-9555-9D0E82AEA4C8}.Debug|Any CPU.ActiveCfg = Debug|Any CPU
		{9CDC42EF-F331-4A3F-9555-9D0E82AEA4C8}.Debug|Any CPU.Build.0 = Debug|Any CPU
		{9CDC42EF-F331-4A3F-9555-9D0E82AEA4C8}.Release|Any CPU.ActiveCfg = Release|Any CPU
		{9CDC42EF-F331-4A3F-9555-9D0E82AEA4C8}.Release|Any CPU.Build.0 = Release|Any CPU
		{40283381-F187-4A85-B729-3AE30191547D}.Debug|Any CPU.ActiveCfg = Debug|Any CPU
		{40283381-F187-4A85-B729-3AE30191547D}.Debug|Any CPU.Build.0 = Debug|Any CPU
		{40283381-F187-4A85-B729-3AE30191547D}.Release|Any CPU.ActiveCfg = Release|Any CPU
		{40283381-F187-4A85-B729-3AE30191547D}.Release|Any CPU.Build.0 = Release|Any CPU
	EndGlobalSection
	GlobalSection(SolutionProperties) = preSolution
		HideSolutionNode = FALSE
	EndGlobalSection
	GlobalSection(ExtensibilityGlobals) = postSolution
		SolutionGuid = {CF12D93C-9F00-4C5F-9A8B-EC5B4DC8DD91}
	EndGlobalSection
EndGlobal
